
Microsoft Visual Studio Solution File, Format Version 11.00
# Visual Studio 2010
Project("{FAE04EC0-301F-11D3-BF4B-00C04F79EFBC}") = "TheRedKingGame", "Assembly-CSharp.csproj", "{931E698D-0EAD-36BA-3E0F-BF38E66C02EC}"
EndProject
Global
	GlobalSection(SolutionConfigurationPlatforms) = preSolution
		Debug|Any CPU = Debug|Any CPU
		Release|Any CPU = Release|Any CPU
	EndGlobalSection
	GlobalSection(ProjectConfigurationPlatforms) = postSolution
		{931E698D-0EAD-36BA-3E0F-BF38E66C02EC}.Debug|Any CPU.ActiveCfg = Debug|Any CPU
		{931E698D-0EAD-36BA-3E0F-BF38E66C02EC}.Debug|Any CPU.Build.0 = Debug|Any CPU
		{931E698D-0EAD-36BA-3E0F-BF38E66C02EC}.Release|Any CPU.ActiveCfg = Release|Any CPU
		{931E698D-0EAD-36BA-3E0F-BF38E66C02EC}.Release|Any CPU.Build.0 = Release|Any CPU
	EndGlobalSection
	GlobalSection(SolutionProperties) = preSolution
		HideSolutionNode = FALSE
	EndGlobalSection
	GlobalSection(MonoDevelopProperties) = preSolution
		StartupItem = Assembly-CSharp.csproj
	EndGlobalSection
EndGlobal
